
Microsoft Visual Studio Solution File, Format Version 12.00
# Visual Studio Version 17
VisualStudioVersion = 17.8.34511.84
MinimumVisualStudioVersion = 10.0.40219.1
Project("{9A19103F-16F7-4668-BE54-9A1E7A4F7556}") = "Installer linux 2", "Installer linux 2\Installer linux 2.csproj", "{FC65F300-52BE-4DD0-908D-9988241B64FC}"
EndProject
Project("{9A19103F-16F7-4668-BE54-9A1E7A4F7556}") = "FSR3 Installer", "Installer linux 2.Desktop\FSR3 Installer.csproj", "{AFF6E42F-BEBE-47C8-BEDC-89B99EA706CE}"
EndProject
Project("{2150E333-8FDC-42A3-9474-1A3956D46DE8}") = "Itens de Solução", "Itens de Solução", "{F79D38AE-2A49-4EEF-BCE0-369DE8720C1E}"
EndProject
Global
	GlobalSection(SolutionConfigurationPlatforms) = preSolution
		Debug|Any CPU = Debug|Any CPU
		Release|Any CPU = Release|Any CPU
	EndGlobalSection
	GlobalSection(ProjectConfigurationPlatforms) = postSolution
		{FC65F300-52BE-4DD0-908D-9988241B64FC}.Debug|Any CPU.ActiveCfg = Debug|Any CPU
		{FC65F300-52BE-4DD0-908D-9988241B64FC}.Debug|Any CPU.Build.0 = Debug|Any CPU
		{FC65F300-52BE-4DD0-908D-9988241B64FC}.Release|Any CPU.ActiveCfg = Release|Any CPU
		{FC65F300-52BE-4DD0-908D-9988241B64FC}.Release|Any CPU.Build.0 = Release|Any CPU
		{AFF6E42F-BEBE-47C8-BEDC-89B99EA706CE}.Debug|Any CPU.ActiveCfg = Debug|Any CPU
		{AFF6E42F-BEBE-47C8-BEDC-89B99EA706CE}.Debug|Any CPU.Build.0 = Debug|Any CPU
		{AFF6E42F-BEBE-47C8-BEDC-89B99EA706CE}.Release|Any CPU.ActiveCfg = Release|Any CPU
		{AFF6E42F-BEBE-47C8-BEDC-89B99EA706CE}.Release|Any CPU.Build.0 = Release|Any CPU
	EndGlobalSection
	GlobalSection(SolutionProperties) = preSolution
		HideSolutionNode = FALSE
	EndGlobalSection
	GlobalSection(ExtensibilityGlobals) = postSolution
		SolutionGuid = {9779A531-2D24-46F0-AAE6-45C18AC1B566}
	EndGlobalSection
EndGlobal
